
Microsoft Visual Studio Solution File, Format Version 12.00
# Visual Studio Version 17
VisualStudioVersion = 17.13.35919.96 d17.13
MinimumVisualStudioVersion = 10.0.40219.1
Project("{FAE04EC0-301F-11D3-BF4B-00C04F79EFBC}") = "WebApplication1", "WebApplication1\WebApplication1.csproj", "{EA143ED7-9378-4A3E-8F67-9AFC9FAECEB0}"
EndProject
Global
	GlobalSection(SolutionConfigurationPlatforms) = preSolution
		Debug|Any CPU = Debug|Any CPU
		Release|Any CPU = Release|Any CPU
	EndGlobalSection
	GlobalSection(ProjectConfigurationPlatforms) = postSolution
		{EA143ED7-9378-4A3E-8F67-9AFC9FAECEB0}.Debug|Any CPU.ActiveCfg = Debug|Any CPU
		{EA143ED7-9378-4A3E-8F67-9AFC9FAECEB0}.Debug|Any CPU.Build.0 = Debug|Any CPU
		{EA143ED7-9378-4A3E-8F67-9AFC9FAECEB0}.Release|Any CPU.ActiveCfg = Release|Any CPU
		{EA143ED7-9378-4A3E-8F67-9AFC9FAECEB0}.Release|Any CPU.Build.0 = Release|Any CPU
	EndGlobalSection
	GlobalSection(SolutionProperties) = preSolution
		HideSolutionNode = FALSE
	EndGlobalSection
	GlobalSection(ExtensibilityGlobals) = postSolution
		SolutionGuid = {C020A5C3-7981-42F2-9DAF-7E7DDE82AC4B}
	EndGlobalSection
EndGlobal
